
Microsoft Visual Studio Solution File, Format Version 12.00
# Visual Studio Version 16
VisualStudioVersion = 16.0.30104.148
MinimumVisualStudioVersion = 10.0.40219.1
Project("{FAE04EC0-301F-11D3-BF4B-00C04F79EFBC}") = "JogoTerça", "JogoTerça\JogoTerça.csproj", "{6DDD7DBB-05EB-4BBB-8B32-E7F207A92720}"
EndProject
Global
	GlobalSection(SolutionConfigurationPlatforms) = preSolution
		Debug|Any CPU = Debug|Any CPU
		Release|Any CPU = Release|Any CPU
	EndGlobalSection
	GlobalSection(ProjectConfigurationPlatforms) = postSolution
		{6DDD7DBB-05EB-4BBB-8B32-E7F207A92720}.Debug|Any CPU.ActiveCfg = Debug|Any CPU
		{6DDD7DBB-05EB-4BBB-8B32-E7F207A92720}.Debug|Any CPU.Build.0 = Debug|Any CPU
		{6DDD7DBB-05EB-4BBB-8B32-E7F207A92720}.Release|Any CPU.ActiveCfg = Release|Any CPU
		{6DDD7DBB-05EB-4BBB-8B32-E7F207A92720}.Release|Any CPU.Build.0 = Release|Any CPU
	EndGlobalSection
	GlobalSection(SolutionProperties) = preSolution
		HideSolutionNode = FALSE
	EndGlobalSection
	GlobalSection(ExtensibilityGlobals) = postSolution
		SolutionGuid = {DEE37836-381B-4013-AA86-8D1730FEB903}
	EndGlobalSection
EndGlobal
